{
  "name": "resume-ai",
  "version": "0.0.0",
  "lockfileVersion": 3,
  "requires": true,
  "packages": {
    "": {
      "name": "resume-ai",
      "version": "0.0.0",
      "dependencies": {
        "axios": "...",
        "react": "...",
        "react-dom": "...",
        "react-router-dom": "..."
      },
      "devDependencies": {
        "@vitejs/plugin-react": "file:...",
        "vite": "file:..."
      }
    },
    "...": {},
    "node_modules/@vitejs/plugin-react": {
      "resolved": "...",
      "link": true
    },
    "node_modules/axios": {
      "resolved": "...",
      "link": true
    },
    "node_modules/react": {
      "resolved": "...",
      "link": true
    },
    "node_modules/react-dom": {
      "resolved": "...",
      "link": true
    },
    "node_modules/react-router-dom": {
      "resolved": "...",
      "link": true
    },
    "node_modules/vite": {
      "resolved": "...",
      "link": true
    }
  }
}
